dependencies:
- name: argo-cd
  repository: https://argoproj.github.io/argo-helm
  version: 9.1.6
- name: argo-rollouts
  repository: https://argoproj.github.io/argo-helm
  version: 2.40.5
digest: sha256:992caaa8703944439cd1b979119ab46e5c0318b8f508e69c9cfbe560e7c32c88
generated: "2025-12-13T15:28:13.466326982+05:30"
