dependencies:
- name: argo-cd
  repository: https://argoproj.github.io/argo-helm
  version: 9.1.6
- name: argo-rollouts
  repository: https://argoproj.github.io/argo-helm
  version: 2.40.5
- name: cert-manager
  repository: oci://quay.io/jetstack/charts
  version: v1.19.2
digest: sha256:4456a8d4776bc40f716aa415eac7032a328ca838b8ecd23deb3e314b4ca32882
generated: "2025-12-13T14:12:20.072857255+05:30"
